
Microsoft Visual Studio Solution File, Format Version 12.00
# Visual Studio Version 17
VisualStudioVersion = 17.11.35303.130
MinimumVisualStudioVersion = 10.0.40219.1
Project("{FAE04EC0-301F-11D3-BF4B-00C04F79EFBC}") = "PresentationLogic", "PresentationLogic\PresentationLogic.csproj", "{1273B050-BF1E-4C60-902C-06E63F6C0848}"
EndProject
Global
	GlobalSection(SolutionConfigurationPlatforms) = preSolution
		Debug|Any CPU = Debug|Any CPU
		Release|Any CPU = Release|Any CPU
	EndGlobalSection
	GlobalSection(ProjectConfigurationPlatforms) = postSolution
		{1273B050-BF1E-4C60-902C-06E63F6C0848}.Debug|Any CPU.ActiveCfg = Debug|Any CPU
		{1273B050-BF1E-4C60-902C-06E63F6C0848}.Debug|Any CPU.Build.0 = Debug|Any CPU
		{1273B050-BF1E-4C60-902C-06E63F6C0848}.Release|Any CPU.ActiveCfg = Release|Any CPU
		{1273B050-BF1E-4C60-902C-06E63F6C0848}.Release|Any CPU.Build.0 = Release|Any CPU
	EndGlobalSection
	GlobalSection(SolutionProperties) = preSolution
		HideSolutionNode = FALSE
	EndGlobalSection
	GlobalSection(ExtensibilityGlobals) = postSolution
		SolutionGuid = {1724D6DF-58CE-429B-A46E-F56E5380349B}
	EndGlobalSection
EndGlobal
